
Microsoft Visual Studio Solution File, Format Version 12.00
# Visual Studio Version 16
VisualStudioVersion = 16.0.32126.315
MinimumVisualStudioVersion = 10.0.40219.1
Project("{FAE04EC0-301F-11D3-BF4B-00C04F79EFBC}") = "HelloWorld", "HelloWorld.csproj", "{AC158A5A-1998-440C-84A0-10F28FC713B9}"
EndProject
Global
	GlobalSection(SolutionConfigurationPlatforms) = preSolution
		Debug|Any CPU = Debug|Any CPU
		Release|Any CPU = Release|Any CPU
	EndGlobalSection
	GlobalSection(ProjectConfigurationPlatforms) = postSolution
		{AC158A5A-1998-440C-84A0-10F28FC713B9}.Debug|Any CPU.ActiveCfg = Debug|Any CPU
		{AC158A5A-1998-440C-84A0-10F28FC713B9}.Debug|Any CPU.Build.0 = Debug|Any CPU
		{AC158A5A-1998-440C-84A0-10F28FC713B9}.Release|Any CPU.ActiveCfg = Release|Any CPU
		{AC158A5A-1998-440C-84A0-10F28FC713B9}.Release|Any CPU.Build.0 = Release|Any CPU
	EndGlobalSection
	GlobalSection(SolutionProperties) = preSolution
		HideSolutionNode = FALSE
	EndGlobalSection
	GlobalSection(ExtensibilityGlobals) = postSolution
		SolutionGuid = {67F593BF-CD2D-430D-957C-6502403C9600}
	EndGlobalSection
EndGlobal
